
Microsoft Visual Studio Solution File, Format Version 12.00
# Visual Studio Version 16
VisualStudioVersion = 16.0.30611.23
MinimumVisualStudioVersion = 10.0.40219.1
Project("{FAE04EC0-301F-11D3-BF4B-00C04F79EFBC}") = "visioConector.Test", "visioConector.Test.csproj", "{72E484FE-030E-4B1B-AB10-42F90628BEE1}"
EndProject
Project("{FAE04EC0-301F-11D3-BF4B-00C04F79EFBC}") = "VisioConector", "..\VisioConectorTest\VisioConector.csproj", "{B7702E31-A123-49A4-A6AF-D0CDE68EEAC1}"
EndProject
Global
	GlobalSection(SolutionConfigurationPlatforms) = preSolution
		Debug|Any CPU = Debug|Any CPU
		Release|Any CPU = Release|Any CPU
	EndGlobalSection
	GlobalSection(ProjectConfigurationPlatforms) = postSolution
		{72E484FE-030E-4B1B-AB10-42F90628BEE1}.Debug|Any CPU.ActiveCfg = Debug|Any CPU
		{72E484FE-030E-4B1B-AB10-42F90628BEE1}.Debug|Any CPU.Build.0 = Debug|Any CPU
		{72E484FE-030E-4B1B-AB10-42F90628BEE1}.Release|Any CPU.ActiveCfg = Release|Any CPU
		{72E484FE-030E-4B1B-AB10-42F90628BEE1}.Release|Any CPU.Build.0 = Release|Any CPU
		{B7702E31-A123-49A4-A6AF-D0CDE68EEAC1}.Debug|Any CPU.ActiveCfg = Debug|Any CPU
		{B7702E31-A123-49A4-A6AF-D0CDE68EEAC1}.Debug|Any CPU.Build.0 = Debug|Any CPU
		{B7702E31-A123-49A4-A6AF-D0CDE68EEAC1}.Release|Any CPU.ActiveCfg = Release|Any CPU
		{B7702E31-A123-49A4-A6AF-D0CDE68EEAC1}.Release|Any CPU.Build.0 = Release|Any CPU
	EndGlobalSection
	GlobalSection(SolutionProperties) = preSolution
		HideSolutionNode = FALSE
	EndGlobalSection
	GlobalSection(ExtensibilityGlobals) = postSolution
		SolutionGuid = {3057F0F5-3131-4942-AEF4-E3F4B8C4A2B6}
	EndGlobalSection
EndGlobal
